
Microsoft Visual Studio Solution File, Format Version 12.00
# Visual Studio Version 17
VisualStudioVersion = 17.11.35222.181
MinimumVisualStudioVersion = 10.0.40219.1
Project("{FAE04EC0-301F-11D3-BF4B-00C04F79EFBC}") = "BootCampAPI", "BootCampAPI\BootCampAPI.csproj", "{46D46D7F-9650-4A18-9CBC-5847471E1F0D}"
EndProject
Global
	GlobalSection(SolutionConfigurationPlatforms) = preSolution
		Debug|Any CPU = Debug|Any CPU
		Release|Any CPU = Release|Any CPU
	EndGlobalSection
	GlobalSection(ProjectConfigurationPlatforms) = postSolution
		{46D46D7F-9650-4A18-9CBC-5847471E1F0D}.Debug|Any CPU.ActiveCfg = Debug|Any CPU
		{46D46D7F-9650-4A18-9CBC-5847471E1F0D}.Debug|Any CPU.Build.0 = Debug|Any CPU
		{46D46D7F-9650-4A18-9CBC-5847471E1F0D}.Release|Any CPU.ActiveCfg = Release|Any CPU
		{46D46D7F-9650-4A18-9CBC-5847471E1F0D}.Release|Any CPU.Build.0 = Release|Any CPU
	EndGlobalSection
	GlobalSection(SolutionProperties) = preSolution
		HideSolutionNode = FALSE
	EndGlobalSection
	GlobalSection(ExtensibilityGlobals) = postSolution
		SolutionGuid = {431DA9E0-0411-4995-AD95-08E0A21A72ED}
	EndGlobalSection
EndGlobal
